{
  "name": "root",
  "requires": true,
  "lockfileVersion": 1,
  "dependencies": {
    "@tencent/viola-framework": {
      "version": "0.1.0",
      "resolved": "http://r.tnpm.oa.com/@tencent/viola-framework/download/@tencent/viola-framework-0.1.0.tgz",
      "integrity": "sha1-9Pbb6/MDe0fDbDhlXXKWiO69QCQ="
    },
    "ip": {
      "version": "1.1.5",
      "resolved": "http://r.tnpm.oa.com/ip/download/ip-1.1.5.tgz",
      "integrity": "sha1-vd7XARQpCCjAoDnnLvJfWq7ENUo="
    },
    "is-wsl": {
      "version": "1.1.0",
      "resolved": "http://r.tnpm.oa.com/is-wsl/download/is-wsl-1.1.0.tgz",
      "integrity": "sha1-HxbkqiKwTRM2tmGIpmrzxgDDpm0="
    },
    "opn": {
      "version": "5.4.0",
      "resolved": "http://r.tnpm.oa.com/opn/download/opn-5.4.0.tgz",
      "integrity": "sha1-y1Reeqt4VivrEao7+rxwQuF2EDU=",
      "requires": {
        "is-wsl": "^1.1.0"
      }
    }
  }
}
